// !$*UTF8*$!
{
	archiveVersion = 1;
	classes = {
	};
	objectVersion = 46;
	objects = {

/* Begin PBXBuildFile section */
		E3C088BF1F9C6D2C0046A764 /* Task.swift in Sources */ = {isa = PBXBuildFile; fileRef = E3C088BE1F9C6D2C0046A764 /* Task.swift */; };
		E3CC2DA11F930BCD00C1C1A3 /* AppDelegate.swift in Sources */ = {isa = PBXBuildFile; fileRef = E3CC2DA01F930BCD00C1C1A3 /* AppDelegate.swift */; };
		E3CC2DA31F930BCD00C1C1A3 /* ViewController.swift in Sources */ = {isa = PBXBuildFile; fileRef = E3CC2DA21F930BCD00C1C1A3 /* ViewController.swift */; };
		E3CC2DA61F930BCD00C1C1A3 /* Main.storyboard in Resources */ = {isa = PBXBuildFile; fileRef = E3CC2DA41F930BCD00C1C1A3 /* Main.storyboard */; };
		E3CC2DA81F930BCD00C1C1A3 /* Assets.xcassets in Resources */ = {isa = PBXBuildFile; fileRef = E3CC2DA71F930BCD00C1C1A3 /* Assets.xcassets */; };
		E3CC2DAB1F930BCD00C1C1A3 /* LaunchScreen.storyboard in Resources */ = {isa = PBXBuildFile; fileRef = E3CC2DA91F930BCD00C1C1A3 /* LaunchScreen.storyboard */; };
		E3CC2DB31F933A2F00C1C1A3 /* InputViewController.swift in Sources */ = {isa = PBXBuildFile; fileRef = E3CC2DB21F933A2E00C1C1A3 /* InputViewController.swift */; };
		EAA4AED90E32206E03AAD0D4 /* Pods_taskapp.framework in Frameworks */ = {isa = PBXBuildFile; fileRef = F3F5DF10538D6E0680B93D6C /* Pods_taskapp.framework */; };
/* End PBXBuildFile section */

/* Begin PBXFileReference section */
		8EF6DC74869ABEDEA244AAE7 /* Pods-taskapp.debug.xcconfig */ = {isa = PBXFileReference; includeInIndex = 1; lastKnownFileType = text.xcconfig; name = "Pods-taskapp.debug.xcconfig"; path = "Pods/Target Support Files/Pods-taskapp/Pods-taskapp.debug.xcconfig"; sourceTree = "<group>"; };
		E3C088BE1F9C6D2C0046A764 /* Task.swift */ = {isa = PBXFileReference; fileEncoding = 4; lastKnownFileType = sourcecode.swift; path = Task.swift; sourceTree = "<group>"; };
		E3CC2D9D1F930BCD00C1C1A3 /* taskapp.app */ = {isa = PBXFileReference; explicitFileType = wrapper.application; includeInIndex = 0; path = taskapp.app; sourceTree = BUILT_PRODUCTS_DIR; };
		E3CC2DA01F930BCD00C1C1A3 /* AppDelegate.swift */ = {isa = PBXFileReference; lastKnownFileType = sourcecode.swift; path = AppDelegate.swift; sourceTree = "<group>"; };
		E3CC2DA21F930BCD00C1C1A3 /* ViewController.swift */ = {isa = PBXFileReference; lastKnownFileType = sourcecode.swift; path = ViewController.swift; sourceTree = "<group>"; };
		E3CC2DA51F930BCD00C1C1A3 /* Base */ = {isa = PBXFileReference; lastKnownFileType = file.storyboard; name = Base; path = Base.lproj/Main.storyboard; sourceTree = "<group>"; };
		E3CC2DA71F930BCD00C1C1A3 /* Assets.xcassets */ = {isa = PBXFileReference; lastKnownFileType = folder.assetcatalog; path = Assets.xcassets; sourceTree = "<group>"; };
		E3CC2DAA1F930BCD00C1C1A3 /* Base */ = {isa = PBXFileReference; lastKnownFileType = file.storyboard; name = Base; path = Base.lproj/LaunchScreen.storyboard; sourceTree = "<group>"; };
		E3CC2DAC1F930BCD00C1C1A3 /* Info.plist */ = {isa = PBXFileReference; lastKnownFileType = text.plist.xml; path = Info.plist; sourceTree = "<group>"; };
		E3CC2DB21F933A2E00C1C1A3 /* InputViewController.swift */ = {isa = PBXFileReference; fileEncoding = 4; lastKnownFileType = sourcecode.swift; path = InputViewController.swift; sourceTree = "<group>"; };
		F3F5DF10538D6E0680B93D6C /* Pods_taskapp.framework */ = {isa = PBXFileReference; explicitFileType = wrapper.framework; includeInIndex = 0; path = Pods_taskapp.framework; sourceTree = BUILT_PRODUCTS_DIR; };
		F4AB3E322B23BE373C690C7C /* Pods-taskapp.release.xcconfig */ = {isa = PBXFileReference; includeInIndex = 1; lastKnownFileType = text.xcconfig; name = "Pods-taskapp.release.xcconfig"; path = "Pods/Target Support Files/Pods-taskapp/Pods-taskapp.release.xcconfig"; sourceTree = "<group>"; };
/* End PBXFileReference section */

/* Begin PBXFrameworksBuildPhase section */
		E3CC2D9A1F930BCD00C1C1A3 /* Frameworks */ = {
			isa = PBXFrameworksBuildPhase;
			buildActionMask = 2147483647;
			files = (
				EAA4AED90E32206E03AAD0D4 /* Pods_taskapp.framework in Frameworks */,
			);
			runOnlyForDeploymentPostprocessing = 0;
		};
/* End PBXFrameworksBuildPhase section */

/* Begin PBXGroup section */
		1A888DE26641C1B4C071D9BB /* Frameworks */ = {
			isa = PBXGroup;
			children = (
				F3F5DF10538D6E0680B93D6C /* Pods_taskapp.framework */,
			);
			name = Frameworks;
			sourceTree = "<group>";
		};
		E2EE333F17153F25689E9C85 /* Pods */ = {
			isa = PBXGroup;
			children = (
				8EF6DC74869ABEDEA244AAE7 /* Pods-taskapp.debug.xcconfig */,
				F4AB3E322B23BE373C690C7C /* Pods-taskapp.release.xcconfig */,
			);
			name = Pods;
			sourceTree = "<group>";
		};
		E3CC2D941F930BCD00C1C1A3 = {
			isa = PBXGroup;
			children = (
				E3CC2D9F1F930BCD00C1C1A3 /* taskapp */,
				E3CC2D9E1F930BCD00C1C1A3 /* Products */,
				E2EE333F17153F25689E9C85 /* Pods */,
				1A888DE26641C1B4C071D9BB /* Frameworks */,
			);
			sourceTree = "<group>";
		};
		E3CC2D9E1F930BCD00C1C1A3 /* Products */ = {
			isa = PBXGroup;
			children = (
				E3CC2D9D1F930BCD00C1C1A3 /* taskapp.app */,
			);
			name = Products;
			sourceTree = "<group>";
		};
		E3CC2D9F1F930BCD00C1C1A3 /* taskapp */ = {
			isa = PBXGroup;
			children = (
				E3CC2DA01F930BCD00C1C1A3 /* AppDelegate.swift */,
				E3CC2DA21F930BCD00C1C1A3 /* ViewController.swift */,
				E3CC2DB21F933A2E00C1C1A3 /* InputViewController.swift */,
				E3CC2DA41F930BCD00C1C1A3 /* Main.storyboard */,
				E3C088BE1F9C6D2C0046A764 /* Task.swift */,
				E3CC2DA71F930BCD00C1C1A3 /* Assets.xcassets */,
				E3CC2DA91F930BCD00C1C1A3 /* LaunchScreen.storyboard */,
				E3CC2DAC1F930BCD00C1C1A3 /* Info.plist */,
			);
			path = taskapp;
			sourceTree = "<group>";
		};
/* End PBXGroup section */

/* Begin PBXNativeTarget section */
		E3CC2D9C1F930BCD00C1C1A3 /* taskapp */ = {
			isa = PBXNativeTarget;
			buildConfigurationList = E3CC2DAF1F930BCD00C1C1A3 /* Build configuration list for PBXNativeTarget "taskapp" */;
			buildPhases = (
				EC7B47635D1B881DD123EBC1 /* [CP] Check Pods Manifest.lock */,
				E3CC2D991F930BCD00C1C1A3 /* Sources */,
				E3CC2D9A1F930BCD00C1C1A3 /* Frameworks */,
				E3CC2D9B1F930BCD00C1C1A3 /* Resources */,
				FB38A635D212FA513AD72973 /* [CP] Embed Pods Frameworks */,
				7C41C4122C1694E60425BA9A /* [CP] Copy Pods Resources */,
			);
			buildRules = (
			);
			dependencies = (
			);
			name = taskapp;
			productName = taskapp;
			productReference = E3CC2D9D1F930BCD00C1C1A3 /* taskapp.app */;
			productType = "com.apple.product-type.application";
		};
/* End PBXNativeTarget section */

/* Begin PBXProject section */
		E3CC2D951F930BCD00C1C1A3 /* Project object */ = {
			isa = PBXProject;
			attributes = {
				LastSwiftUpdateCheck = 0830;
				LastUpgradeCheck = 0830;
				ORGANIZATIONNAME = "kuro-git";
				TargetAttributes = {
					E3CC2D9C1F930BCD00C1C1A3 = {
						CreatedOnToolsVersion = 8.3.3;
						ProvisioningStyle = Automatic;
					};
				};
			};
			buildConfigurationList = E3CC2D981F930BCD00C1C1A3 /* Build configuration list for PBXProject "taskapp" */;
			compatibilityVersion = "Xcode 3.2";
			developmentRegion = English;
			hasScannedForEncodings = 0;
			knownRegions = (
				en,
				Base,
			);
			mainGroup = E3CC2D941F930BCD00C1C1A3;
			productRefGroup = E3CC2D9E1F930BCD00C1C1A3 /* Products */;
			projectDirPath = "";
			projectRoot = "";
			targets = (
				E3CC2D9C1F930BCD00C1C1A3 /* taskapp */,
			);
		};
/* End PBXProject section */

/* Begin PBXResourcesBuildPhase section */
		E3CC2D9B1F930BCD00C1C1A3 /* Resources */ = {
			isa = PBXResourcesBuildPhase;
			buildActionMask = 2147483647;
			files = (
				E3CC2DAB1F930BCD00C1C1A3 /* LaunchScreen.storyboard in Resources */,
				E3CC2DA81F930BCD00C1C1A3 /* Assets.xcassets in Resources */,
				E3CC2DA61F930BCD00C1C1A3 /* Main.storyboard in Resources */,
			);
			runOnlyForDeploymentPostprocessing = 0;
		};
/* End PBXResourcesBuildPhase section */

/* Begin PBXShellScriptBuildPhase section */
		7C41C4122C1694E60425BA9A /* [CP] Copy Pods Resources */ = {
			isa = PBXShellScriptBuildPhase;
			buildActionMask = 2147483647;
			files = (
			);
			inputPaths = (
			);
			name = "[CP] Copy Pods Resources";
			outputPaths = (
			);
			runOnlyForDeploymentPostprocessing = 0;
			shellPath = /bin/sh;
			shellScript = "\"${SRCROOT}/Pods/Target Support Files/Pods-taskapp/Pods-taskapp-resources.sh\"\n";
			showEnvVarsInLog = 0;
		};
		EC7B47635D1B881DD123EBC1 /* [CP] Check Pods Manifest.lock */ = {
			isa = PBXShellScriptBuildPhase;
			buildActionMask = 2147483647;
			files = (
			);
			inputPaths = (
			);
			name = "[CP] Check Pods Manifest.lock";
			outputPaths = (
			);
			runOnlyForDeploymentPostprocessing = 0;
			shellPath = /bin/sh;
			shellScript = "diff \"${PODS_ROOT}/../Podfile.lock\" \"${PODS_ROOT}/Manifest.lock\" > /dev/null\nif [ $? != 0 ] ; then\n    # print error to STDERR\n    echo \"error: The sandbox is not in sync with the Podfile.lock. Run 'pod install' or update your CocoaPods installation.\" >&2\n    exit 1\nfi\n";
			showEnvVarsInLog = 0;
		};
		FB38A635D212FA513AD72973 /* [CP] Embed Pods Frameworks */ = {
			isa = PBXShellScriptBuildPhase;
			buildActionMask = 2147483647;
			files = (
			);
			inputPaths = (
			);
			name = "[CP] Embed Pods Frameworks";
			outputPaths = (
			);
			runOnlyForDeploymentPostprocessing = 0;
			shellPath = /bin/sh;
			shellScript = "\"${SRCROOT}/Pods/Target Support Files/Pods-taskapp/Pods-taskapp-frameworks.sh\"\n";
			showEnvVarsInLog = 0;
		};
/* End PBXShellScriptBuildPhase section */

/* Begin PBXSourcesBuildPhase section */
		E3CC2D991F930BCD00C1C1A3 /* Sources */ = {
			isa = PBXSourcesBuildPhase;
			buildActionMask = 2147483647;
			files = (
				E3C088BF1F9C6D2C0046A764 /* Task.swift in Sources */,
				E3CC2DB31F933A2F00C1C1A3 /* InputViewController.swift in Sources */,
				E3CC2DA31F930BCD00C1C1A3 /* ViewController.swift in Sources */,
				E3CC2DA11F930BCD00C1C1A3 /* AppDelegate.swift in Sources */,
			);
			runOnlyForDeploymentPostprocessing = 0;
		};
/* End PBXSourcesBuildPhase section */

/* Begin PBXVariantGroup section */
		E3CC2DA41F930BCD00C1C1A3 /* Main.storyboard */ = {
			isa = PBXVariantGroup;
			children = (
				E3CC2DA51F930BCD00C1C1A3 /* Base */,
			);
			name = Main.storyboard;
			sourceTree = "<group>";
		};
		E3CC2DA91F930BCD00C1C1A3 /* LaunchScreen.storyboard */ = {
			isa = PBXVariantGroup;
			children = (
				E3CC2DAA1F930BCD00C1C1A3 /* Base */,
			);
			name = LaunchScreen.storyboard;
			sourceTree = "<group>";
		};
/* End PBXVariantGroup section */

/* Begin XCBuildConfiguration section */
		E3CC2DAD1F930BCD00C1C1A3 /* Debug */ = {
			isa = XCBuildConfiguration;
			buildSettings = {
				ALWAYS_SEARCH_USER_PATHS = NO;
				CLANG_ANALYZER_NONNULL = YES;
				CLANG_ANALYZER_NUMBER_OBJECT_CONVERSION = YES_AGGRESSIVE;
				CLANG_CXX_LANGUAGE_STANDARD = "gnu++0x";
				CLANG_CXX_LIBRARY = "libc++";
				CLANG_ENABLE_MODULES = YES;
				CLANG_ENABLE_OBJC_ARC = YES;
				CLANG_WARN_BOOL_CONVERSION = YES;
				CLANG_WARN_CONSTANT_CONVERSION = YES;
				CLANG_WARN_DIRECT_OBJC_ISA_USAGE = YES_ERROR;
				CLANG_WARN_DOCUMENTATION_COMMENTS = YES;
				CLANG_WARN_EMPTY_BODY = YES;
				CLANG_WARN_ENUM_CONVERSION = YES;
				CLANG_WARN_INFINITE_RECURSION = YES;
				CLANG_WARN_INT_CONVERSION = YES;
				CLANG_WARN_OBJC_ROOT_CLASS = YES_ERROR;
				CLANG_WARN_SUSPICIOUS_MOVE = YES;
				CLANG_WARN_UNREACHABLE_CODE = YES;
				CLANG_WARN__DUPLICATE_METHOD_MATCH = YES;
				"CODE_SIGN_IDENTITY[sdk=iphoneos*]" = "iPhone Developer";
				COPY_PHASE_STRIP = NO;
				DEBUG_INFORMATION_FORMAT = dwarf;
				ENABLE_STRICT_OBJC_MSGSEND = YES;
				ENABLE_TESTABILITY = YES;
				GCC_C_LANGUAGE_STANDARD = gnu99;
				GCC_DYNAMIC_NO_PIC = NO;
				GCC_NO_COMMON_BLOCKS = YES;
				GCC_OPTIMIZATION_LEVEL = 0;
				GCC_PREPROCESSOR_DEFINITIONS = (
					"DEBUG=1",
					"$(inherited)",
				);
				GCC_WARN_64_TO_32_BIT_CONVERSION = YES;
				GCC_WARN_ABOUT_RETURN_TYPE = YES_ERROR;
				GCC_WARN_UNDECLARED_SELECTOR = YES;
				GCC_WARN_UNINITIALIZED_AUTOS = YES_AGGRESSIVE;
				GCC_WARN_UNUSED_FUNCTION = YES;
				GCC_WARN_UNUSED_VARIABLE = YES;
				IPHONEOS_DEPLOYMENT_TARGET = 10.3;
				MTL_ENABLE_DEBUG_INFO = YES;
				ONLY_ACTIVE_ARCH = YES;
				SDKROOT = iphoneos;
				SWIFT_ACTIVE_COMPILATION_CONDITIONS = DEBUG;
				SWIFT_OPTIMIZATION_LEVEL = "-Onone";
			};
			name = Debug;
		};
		E3CC2DAE1F930BCD00C1C1A3 /* Release */ = {
			isa = XCBuildConfiguration;
			buildSettings = {
				ALWAYS_SEARCH_USER_PATHS = NO;
				CLANG_ANALYZER_NONNULL = YES;
				CLANG_ANALYZER_NUMBER_OBJECT_CONVERSION = YES_AGGRESSIVE;
				CLANG_CXX_LANGUAGE_STANDARD = "gnu++0x";
				CLANG_CXX_LIBRARY = "libc++";
				CLANG_ENABLE_MODULES = YES;
				CLANG_ENABLE_OBJC_ARC = YES;
				CLANG_WARN_BOOL_CONVERSION = YES;
				CLANG_WARN_CONSTANT_CONVERSION = YES;
				CLANG_WARN_DIRECT_OBJC_ISA_USAGE = YES_ERROR;
				CLANG_WARN_DOCUMENTATION_COMMENTS = YES;
				CLANG_WARN_EMPTY_BODY = YES;
				CLANG_WARN_ENUM_CONVERSION = YES;
				CLANG_WARN_INFINITE_RECURSION = YES;
				CLANG_WARN_INT_CONVERSION = YES;
				CLANG_WARN_OBJC_ROOT_CLASS = YES_ERROR;
				CLANG_WARN_SUSPICIOUS_MOVE = YES;
				CLANG_WARN_UNREACHABLE_CODE = YES;
				CLANG_WARN__DUPLICATE_METHOD_MATCH = YES;
				"CODE_SIGN_IDENTITY[sdk=iphoneos*]" = "iPhone Developer";
				COPY_PHASE_STRIP = NO;
				DEBUG_INFORMATION_FORMAT = "dwarf-with-dsym";
				ENABLE_NS_ASSERTIONS = NO;
				ENABLE_STRICT_OBJC_MSGSEND = YES;
				GCC_C_LANGUAGE_STANDARD = gnu99;
				GCC_NO_COMMON_BLOCKS = YES;
				GCC_WARN_64_TO_32_BIT_CONVERSION = YES;
				GCC_WARN_ABOUT_RETURN_TYPE = YES_ERROR;
				GCC_WARN_UNDECLARED_SELECTOR = YES;
				GCC_WARN_UNINITIALIZED_AUTOS = YES_AGGRESSIVE;
				GCC_WARN_UNUSED_FUNCTION = YES;
				GCC_WARN_UNUSED_VARIABLE = YES;
				IPHONEOS_DEPLOYMENT_TARGET = 10.3;
				MTL_ENABLE_DEBUG_INFO = NO;
				SDKROOT = iphoneos;
				SWIFT_OPTIMIZATION_LEVEL = "-Owholemodule";
				VALIDATE_PRODUCT = YES;
			};
			name = Release;
		};
		E3CC2DB01F930BCD00C1C1A3 /* Debug */ = {
			isa = XCBuildConfiguration;
			baseConfigurationReference = 8EF6DC74869ABEDEA244AAE7 /* Pods-taskapp.debug.xcconfig */;
			buildSettings = {
				ASSETCATALOG_COMPILER_APPICON_NAME = AppIcon;
				INFOPLIST_FILE = taskapp/Info.plist;
				LD_RUNPATH_SEARCH_PATHS = "$(inherited) @executable_path/Frameworks";
				PRODUCT_BUNDLE_IDENTIFIER = "jp.techacademy.kuro-git.taskapp";
				PRODUCT_NAME = "$(TARGET_NAME)";
				SWIFT_VERSION = 3.0;
			};
			name = Debug;
		};
		E3CC2DB11F930BCD00C1C1A3 /* Release */ = {
			isa = XCBuildConfiguration;
			baseConfigurationReference = F4AB3E322B23BE373C690C7C /* Pods-taskapp.release.xcconfig */;
			buildSettings = {
				ASSETCATALOG_COMPILER_APPICON_NAME = AppIcon;
				INFOPLIST_FILE = taskapp/Info.plist;
				LD_RUNPATH_SEARCH_PATHS = "$(inherited) @executable_path/Frameworks";
				PRODUCT_BUNDLE_IDENTIFIER = "jp.techacademy.kuro-git.taskapp";
				PRODUCT_NAME = "$(TARGET_NAME)";
				SWIFT_VERSION = 3.0;
			};
			name = Release;
		};
/* End XCBuildConfiguration section */

/* Begin XCConfigurationList section */
		E3CC2D981F930BCD00C1C1A3 /* Build configuration list for PBXProject "taskapp" */ = {
			isa = XCConfigurationList;
			buildConfigurations = (
				E3CC2DAD1F930BCD00C1C1A3 /* Debug */,
				E3CC2DAE1F930BCD00C1C1A3 /* Release */,
			);
			defaultConfigurationIsVisible = 0;
			defaultConfigurationName = Release;
		};
		E3CC2DAF1F930BCD00C1C1A3 /* Build configuration list for PBXNativeTarget "taskapp" */ = {
			isa = XCConfigurationList;
			buildConfigurations = (
				E3CC2DB01F930BCD00C1C1A3 /* Debug */,
				E3CC2DB11F930BCD00C1C1A3 /* Release */,
			);
			defaultConfigurationIsVisible = 0;
			defaultConfigurationName = Release;
		};
/* End XCConfigurationList section */
	};
	rootObject = E3CC2D951F930BCD00C1C1A3 /* Project object */;
}
